
Microsoft Visual Studio Solution File, Format Version 12.00
# Visual Studio Version 16
VisualStudioVersion = 16.0.30330.147
MinimumVisualStudioVersion = 10.0.40219.1
Project("{FAE04EC0-301F-11D3-BF4B-00C04F79EFBC}") = "MgdShoppingCart", "MgdShoppingCart.csproj", "{14711D0A-C766-4410-88E7-D2D3028E4F1B}"
EndProject
Global
	GlobalSection(SolutionConfigurationPlatforms) = preSolution
		Debug|Any CPU = Debug|Any CPU
		Release|Any CPU = Release|Any CPU
	EndGlobalSection
	GlobalSection(ProjectConfigurationPlatforms) = postSolution
		{14711D0A-C766-4410-88E7-D2D3028E4F1B}.Debug|Any CPU.ActiveCfg = Debug|Any CPU
		{14711D0A-C766-4410-88E7-D2D3028E4F1B}.Debug|Any CPU.Build.0 = Debug|Any CPU
		{14711D0A-C766-4410-88E7-D2D3028E4F1B}.Release|Any CPU.ActiveCfg = Release|Any CPU
		{14711D0A-C766-4410-88E7-D2D3028E4F1B}.Release|Any CPU.Build.0 = Release|Any CPU
	EndGlobalSection
	GlobalSection(SolutionProperties) = preSolution
		HideSolutionNode = FALSE
	EndGlobalSection
	GlobalSection(ExtensibilityGlobals) = postSolution
		SolutionGuid = {B8B804CA-1898-4406-96EE-CB625FEDDA3B}
	EndGlobalSection
EndGlobal
